// !$*UTF8*$!
{
	archiveVersion = 1;
	classes = {
	};
	objectVersion = 48;
	objects = {

/* Begin PBXBuildFile section */
		2058E7751F8126FE00AECAB7 /* AppDelegate.swift in Sources */ = {isa = PBXBuildFile; fileRef = 2058E7741F8126FE00AECAB7 /* AppDelegate.swift */; };
		2058E7771F8126FE00AECAB7 /* ViewController.swift in Sources */ = {isa = PBXBuildFile; fileRef = 2058E7761F8126FE00AECAB7 /* ViewController.swift */; };
		2058E77A1F8126FE00AECAB7 /* Main.storyboard in Resources */ = {isa = PBXBuildFile; fileRef = 2058E7781F8126FE00AECAB7 /* Main.storyboard */; };
		2058E77C1F8126FE00AECAB7 /* Assets.xcassets in Resources */ = {isa = PBXBuildFile; fileRef = 2058E77B1F8126FE00AECAB7 /* Assets.xcassets */; };
		2058E77F1F8126FE00AECAB7 /* LaunchScreen.storyboard in Resources */ = {isa = PBXBuildFile; fileRef = 2058E77D1F8126FE00AECAB7 /* LaunchScreen.storyboard */; };
		2058E78A1F8126FE00AECAB7 /* VR360SampleTests.swift in Sources */ = {isa = PBXBuildFile; fileRef = 2058E7891F8126FE00AECAB7 /* VR360SampleTests.swift */; };
/* End PBXBuildFile section */

/* Begin PBXContainerItemProxy section */
		2058E7861F8126FE00AECAB7 /* PBXContainerItemProxy */ = {
			isa = PBXContainerItemProxy;
			containerPortal = 2058E7691F8126FE00AECAB7 /* Project object */;
			proxyType = 1;
			remoteGlobalIDString = 2058E7701F8126FE00AECAB7;
			remoteInfo = VR360Sample;
		};
/* End PBXContainerItemProxy section */

/* Begin PBXFileReference section */
		2058E7711F8126FE00AECAB7 /* VR360Sample.app */ = {isa = PBXFileReference; explicitFileType = wrapper.application; includeInIndex = 0; path = VR360Sample.app; sourceTree = BUILT_PRODUCTS_DIR; };
		2058E7741F8126FE00AECAB7 /* AppDelegate.swift */ = {isa = PBXFileReference; lastKnownFileType = sourcecode.swift; path = AppDelegate.swift; sourceTree = "<group>"; };
		2058E7761F8126FE00AECAB7 /* ViewController.swift */ = {isa = PBXFileReference; lastKnownFileType = sourcecode.swift; path = ViewController.swift; sourceTree = "<group>"; };
		2058E7791F8126FE00AECAB7 /* Base */ = {isa = PBXFileReference; lastKnownFileType = file.storyboard; name = Base; path = Base.lproj/Main.storyboard; sourceTree = "<group>"; };
		2058E77B1F8126FE00AECAB7 /* Assets.xcassets */ = {isa = PBXFileReference; lastKnownFileType = folder.assetcatalog; path = Assets.xcassets; sourceTree = "<group>"; };
		2058E77E1F8126FE00AECAB7 /* Base */ = {isa = PBXFileReference; lastKnownFileType = file.storyboard; name = Base; path = Base.lproj/LaunchScreen.storyboard; sourceTree = "<group>"; };
		2058E7801F8126FE00AECAB7 /* Info.plist */ = {isa = PBXFileReference; lastKnownFileType = text.plist.xml; path = Info.plist; sourceTree = "<group>"; };
		2058E7851F8126FE00AECAB7 /* VR360SampleTests.xctest */ = {isa = PBXFileReference; explicitFileType = wrapper.cfbundle; includeInIndex = 0; path = VR360SampleTests.xctest; sourceTree = BUILT_PRODUCTS_DIR; };
		2058E7891F8126FE00AECAB7 /* VR360SampleTests.swift */ = {isa = PBXFileReference; lastKnownFileType = sourcecode.swift; path = VR360SampleTests.swift; sourceTree = "<group>"; };
		2058E78B1F8126FE00AECAB7 /* Info.plist */ = {isa = PBXFileReference; lastKnownFileType = text.plist.xml; path = Info.plist; sourceTree = "<group>"; };
/* End PBXFileReference section */

/* Begin PBXFrameworksBuildPhase section */
		2058E76E1F8126FE00AECAB7 /* Frameworks */ = {
			isa = PBXFrameworksBuildPhase;
			buildActionMask = 2147483647;
			files = (
			);
			runOnlyForDeploymentPostprocessing = 0;
		};
		2058E7821F8126FE00AECAB7 /* Frameworks */ = {
			isa = PBXFrameworksBuildPhase;
			buildActionMask = 2147483647;
			files = (
			);
			runOnlyForDeploymentPostprocessing = 0;
		};
/* End PBXFrameworksBuildPhase section */

/* Begin PBXGroup section */
		2058E7681F8126FE00AECAB7 = {
			isa = PBXGroup;
			children = (
				2058E7731F8126FE00AECAB7 /* VR360Sample */,
				2058E7881F8126FE00AECAB7 /* VR360SampleTests */,
				2058E7721F8126FE00AECAB7 /* Products */,
			);
			sourceTree = "<group>";
		};
		2058E7721F8126FE00AECAB7 /* Products */ = {
			isa = PBXGroup;
			children = (
				2058E7711F8126FE00AECAB7 /* VR360Sample.app */,
				2058E7851F8126FE00AECAB7 /* VR360SampleTests.xctest */,
			);
			name = Products;
			sourceTree = "<group>";
		};
		2058E7731F8126FE00AECAB7 /* VR360Sample */ = {
			isa = PBXGroup;
			children = (
				2058E7741F8126FE00AECAB7 /* AppDelegate.swift */,
				2058E7761F8126FE00AECAB7 /* ViewController.swift */,
				2058E7781F8126FE00AECAB7 /* Main.storyboard */,
				2058E77B1F8126FE00AECAB7 /* Assets.xcassets */,
				2058E77D1F8126FE00AECAB7 /* LaunchScreen.storyboard */,
				2058E7801F8126FE00AECAB7 /* Info.plist */,
			);
			path = VR360Sample;
			sourceTree = "<group>";
		};
		2058E7881F8126FE00AECAB7 /* VR360SampleTests */ = {
			isa = PBXGroup;
			children = (
				2058E7891F8126FE00AECAB7 /* VR360SampleTests.swift */,
				2058E78B1F8126FE00AECAB7 /* Info.plist */,
			);
			path = VR360SampleTests;
			sourceTree = "<group>";
		};
/* End PBXGroup section */

/* Begin PBXNativeTarget section */
		2058E7701F8126FE00AECAB7 /* VR360Sample */ = {
			isa = PBXNativeTarget;
			buildConfigurationList = 2058E78E1F8126FE00AECAB7 /* Build configuration list for PBXNativeTarget "VR360Sample" */;
			buildPhases = (
				2058E76D1F8126FE00AECAB7 /* Sources */,
				2058E76E1F8126FE00AECAB7 /* Frameworks */,
				2058E76F1F8126FE00AECAB7 /* Resources */,
			);
			buildRules = (
			);
			dependencies = (
			);
			name = VR360Sample;
			productName = VR360Sample;
			productReference = 2058E7711F8126FE00AECAB7 /* VR360Sample.app */;
			productType = "com.apple.product-type.application";
		};
		2058E7841F8126FE00AECAB7 /* VR360SampleTests */ = {
			isa = PBXNativeTarget;
			buildConfigurationList = 2058E7911F8126FE00AECAB7 /* Build configuration list for PBXNativeTarget "VR360SampleTests" */;
			buildPhases = (
				2058E7811F8126FE00AECAB7 /* Sources */,
				2058E7821F8126FE00AECAB7 /* Frameworks */,
				2058E7831F8126FE00AECAB7 /* Resources */,
			);
			buildRules = (
			);
			dependencies = (
				2058E7871F8126FE00AECAB7 /* PBXTargetDependency */,
			);
			name = VR360SampleTests;
			productName = VR360SampleTests;
			productReference = 2058E7851F8126FE00AECAB7 /* VR360SampleTests.xctest */;
			productType = "com.apple.product-type.bundle.unit-test";
		};
/* End PBXNativeTarget section */

/* Begin PBXProject section */
		2058E7691F8126FE00AECAB7 /* Project object */ = {
			isa = PBXProject;
			attributes = {
				LastSwiftUpdateCheck = 0900;
				LastUpgradeCheck = 0900;
				ORGANIZATIONNAME = "organization name";
				TargetAttributes = {
					2058E7701F8126FE00AECAB7 = {
						CreatedOnToolsVersion = 9.0;
						ProvisioningStyle = Automatic;
					};
					2058E7841F8126FE00AECAB7 = {
						CreatedOnToolsVersion = 9.0;
						ProvisioningStyle = Automatic;
						TestTargetID = 2058E7701F8126FE00AECAB7;
					};
				};
			};
			buildConfigurationList = 2058E76C1F8126FE00AECAB7 /* Build configuration list for PBXProject "VR360Sample" */;
			compatibilityVersion = "Xcode 8.0";
			developmentRegion = en;
			hasScannedForEncodings = 0;
			knownRegions = (
				en,
				Base,
			);
			mainGroup = 2058E7681F8126FE00AECAB7;
			productRefGroup = 2058E7721F8126FE00AECAB7 /* Products */;
			projectDirPath = "";
			projectRoot = "";
			targets = (
				2058E7701F8126FE00AECAB7 /* VR360Sample */,
				2058E7841F8126FE00AECAB7 /* VR360SampleTests */,
			);
		};
/* End PBXProject section */

/* Begin PBXResourcesBuildPhase section */
		2058E76F1F8126FE00AECAB7 /* Resources */ = {
			isa = PBXResourcesBuildPhase;
			buildActionMask = 2147483647;
			files = (
				2058E77F1F8126FE00AECAB7 /* LaunchScreen.storyboard in Resources */,
				2058E77C1F8126FE00AECAB7 /* Assets.xcassets in Resources */,
				2058E77A1F8126FE00AECAB7 /* Main.storyboard in Resources */,
			);
			runOnlyForDeploymentPostprocessing = 0;
		};
		2058E7831F8126FE00AECAB7 /* Resources */ = {
			isa = PBXResourcesBuildPhase;
			buildActionMask = 2147483647;
			files = (
			);
			runOnlyForDeploymentPostprocessing = 0;
		};
/* End PBXResourcesBuildPhase section */

/* Begin PBXSourcesBuildPhase section */
		2058E76D1F8126FE00AECAB7 /* Sources */ = {
			isa = PBXSourcesBuildPhase;
			buildActionMask = 2147483647;
			files = (
				2058E7771F8126FE00AECAB7 /* ViewController.swift in Sources */,
				2058E7751F8126FE00AECAB7 /* AppDelegate.swift in Sources */,
			);
			runOnlyForDeploymentPostprocessing = 0;
		};
		2058E7811F8126FE00AECAB7 /* Sources */ = {
			isa = PBXSourcesBuildPhase;
			buildActionMask = 2147483647;
			files = (
				2058E78A1F8126FE00AECAB7 /* VR360SampleTests.swift in Sources */,
			);
			runOnlyForDeploymentPostprocessing = 0;
		};
/* End PBXSourcesBuildPhase section */

/* Begin PBXTargetDependency section */
		2058E7871F8126FE00AECAB7 /* PBXTargetDependency */ = {
			isa = PBXTargetDependency;
			target = 2058E7701F8126FE00AECAB7 /* VR360Sample */;
			targetProxy = 2058E7861F8126FE00AECAB7 /* PBXContainerItemProxy */;
		};
/* End PBXTargetDependency section */

/* Begin PBXVariantGroup section */
		2058E7781F8126FE00AECAB7 /* Main.storyboard */ = {
			isa = PBXVariantGroup;
			children = (
				2058E7791F8126FE00AECAB7 /* Base */,
			);
			name = Main.storyboard;
			sourceTree = "<group>";
		};
		2058E77D1F8126FE00AECAB7 /* LaunchScreen.storyboard */ = {
			isa = PBXVariantGroup;
			children = (
				2058E77E1F8126FE00AECAB7 /* Base */,
			);
			name = LaunchScreen.storyboard;
			sourceTree = "<group>";
		};
/* End PBXVariantGroup section */

/* Begin XCBuildConfiguration section */
		2058E78C1F8126FE00AECAB7 /* Debug */ = {
			isa = XCBuildConfiguration;
			buildSettings = {
				ALWAYS_SEARCH_USER_PATHS = NO;
				CLANG_ANALYZER_NONNULL = YES;
				CLANG_ANALYZER_NUMBER_OBJECT_CONVERSION = YES_AGGRESSIVE;
				CLANG_CXX_LANGUAGE_STANDARD = "gnu++14";
				CLANG_CXX_LIBRARY = "libc++";
				CLANG_ENABLE_MODULES = YES;
				CLANG_ENABLE_OBJC_ARC = YES;
				CLANG_WARN_BLOCK_CAPTURE_AUTORELEASING = YES;
				CLANG_WARN_BOOL_CONVERSION = YES;
				CLANG_WARN_COMMA = YES;
				CLANG_WARN_CONSTANT_CONVERSION = YES;
				CLANG_WARN_DIRECT_OBJC_ISA_USAGE = YES_ERROR;
				CLANG_WARN_DOCUMENTATION_COMMENTS = YES;
				CLANG_WARN_EMPTY_BODY = YES;
				CLANG_WARN_ENUM_CONVERSION = YES;
				CLANG_WARN_INFINITE_RECURSION = YES;
				CLANG_WARN_INT_CONVERSION = YES;
				CLANG_WARN_NON_LITERAL_NULL_CONVERSION = YES;
				CLANG_WARN_OBJC_LITERAL_CONVERSION = YES;
				CLANG_WARN_OBJC_ROOT_CLASS = YES_ERROR;
				CLANG_WARN_RANGE_LOOP_ANALYSIS = YES;
				CLANG_WARN_STRICT_PROTOTYPES = YES;
				CLANG_WARN_SUSPICIOUS_MOVE = YES;
				CLANG_WARN_UNGUARDED_AVAILABILITY = YES_AGGRESSIVE;
				CLANG_WARN_UNREACHABLE_CODE = YES;
				CLANG_WARN__DUPLICATE_METHOD_MATCH = YES;
				CODE_SIGN_IDENTITY = "iPhone Developer";
				COPY_PHASE_STRIP = NO;
				DEBUG_INFORMATION_FORMAT = dwarf;
				ENABLE_STRICT_OBJC_MSGSEND = YES;
				ENABLE_TESTABILITY = YES;
				GCC_C_LANGUAGE_STANDARD = gnu11;
				GCC_DYNAMIC_NO_PIC = NO;
				GCC_NO_COMMON_BLOCKS = YES;
				GCC_OPTIMIZATION_LEVEL = 0;
				GCC_PREPROCESSOR_DEFINITIONS = (
					"DEBUG=1",
					"$(inherited)",
				);
				GCC_WARN_64_TO_32_BIT_CONVERSION = YES;
				GCC_WARN_ABOUT_RETURN_TYPE = YES_ERROR;
				GCC_WARN_UNDECLARED_SELECTOR = YES;
				GCC_WARN_UNINITIALIZED_AUTOS = YES_AGGRESSIVE;
				GCC_WARN_UNUSED_FUNCTION = YES;
				GCC_WARN_UNUSED_VARIABLE = YES;
				IPHONEOS_DEPLOYMENT_TARGET = 11.0;
				MTL_ENABLE_DEBUG_INFO = YES;
				ONLY_ACTIVE_ARCH = YES;
				SDKROOT = iphoneos;
				SWIFT_ACTIVE_COMPILATION_CONDITIONS = DEBUG;
				SWIFT_OPTIMIZATION_LEVEL = "-Onone";
			};
			name = Debug;
		};
		2058E78D1F8126FE00AECAB7 /* Release */ = {
			isa = XCBuildConfiguration;
			buildSettings = {
				ALWAYS_SEARCH_USER_PATHS = NO;
				CLANG_ANALYZER_NONNULL = YES;
				CLANG_ANALYZER_NUMBER_OBJECT_CONVERSION = YES_AGGRESSIVE;
				CLANG_CXX_LANGUAGE_STANDARD = "gnu++14";
				CLANG_CXX_LIBRARY = "libc++";
				CLANG_ENABLE_MODULES = YES;
				CLANG_ENABLE_OBJC_ARC = YES;
				CLANG_WARN_BLOCK_CAPTURE_AUTORELEASING = YES;
				CLANG_WARN_BOOL_CONVERSION = YES;
				CLANG_WARN_COMMA = YES;
				CLANG_WARN_CONSTANT_CONVERSION = YES;
				CLANG_WARN_DIRECT_OBJC_ISA_USAGE = YES_ERROR;
				CLANG_WARN_DOCUMENTATION_COMMENTS = YES;
				CLANG_WARN_EMPTY_BODY = YES;
				CLANG_WARN_ENUM_CONVERSION = YES;
				CLANG_WARN_INFINITE_RECURSION = YES;
				CLANG_WARN_INT_CONVERSION = YES;
				CLANG_WARN_NON_LITERAL_NULL_CONVERSION = YES;
				CLANG_WARN_OBJC_LITERAL_CONVERSION = YES;
				CLANG_WARN_OBJC_ROOT_CLASS = YES_ERROR;
				CLANG_WARN_RANGE_LOOP_ANALYSIS = YES;
				CLANG_WARN_STRICT_PROTOTYPES = YES;
				CLANG_WARN_SUSPICIOUS_MOVE = YES;
				CLANG_WARN_UNGUARDED_AVAILABILITY = YES_AGGRESSIVE;
				CLANG_WARN_UNREACHABLE_CODE = YES;
				CLANG_WARN__DUPLICATE_METHOD_MATCH = YES;
				CODE_SIGN_IDENTITY = "iPhone Developer";
				COPY_PHASE_STRIP = NO;
				DEBUG_INFORMATION_FORMAT = "dwarf-with-dsym";
				ENABLE_NS_ASSERTIONS = NO;
				ENABLE_STRICT_OBJC_MSGSEND = YES;
				GCC_C_LANGUAGE_STANDARD = gnu11;
				GCC_NO_COMMON_BLOCKS = YES;
				GCC_WARN_64_TO_32_BIT_CONVERSION = YES;
				GCC_WARN_ABOUT_RETURN_TYPE = YES_ERROR;
				GCC_WARN_UNDECLARED_SELECTOR = YES;
				GCC_WARN_UNINITIALIZED_AUTOS = YES_AGGRESSIVE;
				GCC_WARN_UNUSED_FUNCTION = YES;
				GCC_WARN_UNUSED_VARIABLE = YES;
				IPHONEOS_DEPLOYMENT_TARGET = 11.0;
				MTL_ENABLE_DEBUG_INFO = NO;
				SDKROOT = iphoneos;
				SWIFT_OPTIMIZATION_LEVEL = "-Owholemodule";
				VALIDATE_PRODUCT = YES;
			};
			name = Release;
		};
		2058E78F1F8126FE00AECAB7 /* Debug */ = {
			isa = XCBuildConfiguration;
			buildSettings = {
				ASSETCATALOG_COMPILER_APPICON_NAME = AppIcon;
				CODE_SIGN_STYLE = Automatic;
				DEVELOPMENT_TEAM = QC7RJ22359;
				INFOPLIST_FILE = VR360Sample/Info.plist;
				LD_RUNPATH_SEARCH_PATHS = "$(inherited) @executable_path/Frameworks";
				PRODUCT_BUNDLE_IDENTIFIER = id.VR360Sample;
				PRODUCT_NAME = "$(TARGET_NAME)";
				SWIFT_VERSION = 4.0;
				TARGETED_DEVICE_FAMILY = "1,2";
			};
			name = Debug;
		};
		2058E7901F8126FE00AECAB7 /* Release */ = {
			isa = XCBuildConfiguration;
			buildSettings = {
				ASSETCATALOG_COMPILER_APPICON_NAME = AppIcon;
				CODE_SIGN_STYLE = Automatic;
				DEVELOPMENT_TEAM = QC7RJ22359;
				INFOPLIST_FILE = VR360Sample/Info.plist;
				LD_RUNPATH_SEARCH_PATHS = "$(inherited) @executable_path/Frameworks";
				PRODUCT_BUNDLE_IDENTIFIER = id.VR360Sample;
				PRODUCT_NAME = "$(TARGET_NAME)";
				SWIFT_VERSION = 4.0;
				TARGETED_DEVICE_FAMILY = "1,2";
			};
			name = Release;
		};
		2058E7921F8126FE00AECAB7 /* Debug */ = {
			isa = XCBuildConfiguration;
			buildSettings = {
				ALWAYS_EMBED_SWIFT_STANDARD_LIBRARIES = YES;
				BUNDLE_LOADER = "$(TEST_HOST)";
				CODE_SIGN_STYLE = Automatic;
				DEVELOPMENT_TEAM = QC7RJ22359;
				INFOPLIST_FILE = VR360SampleTests/Info.plist;
				LD_RUNPATH_SEARCH_PATHS = "$(inherited) @executable_path/Frameworks @loader_path/Frameworks";
				PRODUCT_BUNDLE_IDENTIFIER = id.VR360SampleTests;
				PRODUCT_NAME = "$(TARGET_NAME)";
				SWIFT_VERSION = 4.0;
				TARGETED_DEVICE_FAMILY = "1,2";
				TEST_HOST = "$(BUILT_PRODUCTS_DIR)/VR360Sample.app/VR360Sample";
			};
			name = Debug;
		};
		2058E7931F8126FE00AECAB7 /* Release */ = {
			isa = XCBuildConfiguration;
			buildSettings = {
				ALWAYS_EMBED_SWIFT_STANDARD_LIBRARIES = YES;
				BUNDLE_LOADER = "$(TEST_HOST)";
				CODE_SIGN_STYLE = Automatic;
				DEVELOPMENT_TEAM = QC7RJ22359;
				INFOPLIST_FILE = VR360SampleTests/Info.plist;
				LD_RUNPATH_SEARCH_PATHS = "$(inherited) @executable_path/Frameworks @loader_path/Frameworks";
				PRODUCT_BUNDLE_IDENTIFIER = id.VR360SampleTests;
				PRODUCT_NAME = "$(TARGET_NAME)";
				SWIFT_VERSION = 4.0;
				TARGETED_DEVICE_FAMILY = "1,2";
				TEST_HOST = "$(BUILT_PRODUCTS_DIR)/VR360Sample.app/VR360Sample";
			};
			name = Release;
		};
/* End XCBuildConfiguration section */

/* Begin XCConfigurationList section */
		2058E76C1F8126FE00AECAB7 /* Build configuration list for PBXProject "VR360Sample" */ = {
			isa = XCConfigurationList;
			buildConfigurations = (
				2058E78C1F8126FE00AECAB7 /* Debug */,
				2058E78D1F8126FE00AECAB7 /* Release */,
			);
			defaultConfigurationIsVisible = 0;
			defaultConfigurationName = Release;
		};
		2058E78E1F8126FE00AECAB7 /* Build configuration list for PBXNativeTarget "VR360Sample" */ = {
			isa = XCConfigurationList;
			buildConfigurations = (
				2058E78F1F8126FE00AECAB7 /* Debug */,
				2058E7901F8126FE00AECAB7 /* Release */,
			);
			defaultConfigurationIsVisible = 0;
			defaultConfigurationName = Release;
		};
		2058E7911F8126FE00AECAB7 /* Build configuration list for PBXNativeTarget "VR360SampleTests" */ = {
			isa = XCConfigurationList;
			buildConfigurations = (
				2058E7921F8126FE00AECAB7 /* Debug */,
				2058E7931F8126FE00AECAB7 /* Release */,
			);
			defaultConfigurationIsVisible = 0;
			defaultConfigurationName = Release;
		};
/* End XCConfigurationList section */
	};
	rootObject = 2058E7691F8126FE00AECAB7 /* Project object */;
}
